
Microsoft Visual Studio Solution File, Format Version 12.00
# Visual Studio 2013
VisualStudioVersion = 12.0.21005.1
MinimumVisualStudioVersion = 10.0.40219.1
Project("{2150E333-8FDC-42A3-9474-1A3956D46DE8}") = "project", "project", "{B6B68AE6-E7A4-4D43-9B34-FFA74BFE192B}"
	ProjectSection(SolutionItems) = preProject
		build.fsx = build.fsx
		nuget\FSharp.Compiler.Service.nuspec = nuget\FSharp.Compiler.Service.nuspec
		README.md = README.md
		RELEASE_NOTES.md = RELEASE_NOTES.md
	EndProjectSection
EndProject
Project("{2150E333-8FDC-42A3-9474-1A3956D46DE8}") = "docs", "docs", "{83FEE492-6701-4E59-9184-16B1D30E91F8}"
	ProjectSection(SolutionItems) = preProject
		docs\content\devnotes.md = docs\content\devnotes.md
		docs\content\editor.fsx = docs\content\editor.fsx
		docs\content\fsharp-readme.md = docs\content\fsharp-readme.md
		docs\content\index.md = docs\content\index.md
		docs\content\interactive.fsx = docs\content\interactive.fsx
		docs\content\tokenizer.fsx = docs\content\tokenizer.fsx
		docs\content\untypedtree.fsx = docs\content\untypedtree.fsx
	EndProjectSection
EndProject
Project("{2150E333-8FDC-42A3-9474-1A3956D46DE8}") = "tools", "tools", "{0554567F-1DCB-46A5-9EF2-E1938A3D4F14}"
	ProjectSection(SolutionItems) = preProject
		docs\tools\generate.fsx = docs\tools\generate.fsx
		docs\tools\templates\template.cshtml = docs\tools\templates\template.cshtml
	EndProjectSection
EndProject
Project("{F2A71F9B-5D33-465A-A702-920D77279786}") = "FSharp.Compiler", "src\fsharp\FSharp.Compiler\FSharp.Compiler.fsproj", "{2E4D67B4-522D-4CF7-97E4-BA940F0B18F3}"
EndProject
Project("{F2A71F9B-5D33-465A-A702-920D77279786}") = "FSharp.Interactive.Service", "src\fsharp\fsiService\FSharp.Interactive.Service.fsproj", "{ED0B7FD2-5655-4ED1-831A-F0787AEEFAA7}"
EndProject
Project("{F2A71F9B-5D33-465A-A702-920D77279786}") = "FSharp.Compiler.Server.Shared", "src\fsharp\FSharp.Compiler.Server.Shared\FSharp.Compiler.Server.Shared.fsproj", "{D5870CF0-ED51-4CBC-B3D7-6F56DA84AC06}"
EndProject
Project("{F2A71F9B-5D33-465A-A702-920D77279786}") = "FSharp.Compiler.Interactive.Settings", "src\fsharp\FSharp.Compiler.Interactive.Settings\FSharp.Compiler.Interactive.Settings.fsproj", "{649FA588-F02E-457C-9FCF-87E46407481E}"
EndProject
Global
	GlobalSection(SolutionConfigurationPlatforms) = preSolution
		Debug|Any CPU = Debug|Any CPU
		Debug|Mixed Platforms = Debug|Mixed Platforms
		Debug|x86 = Debug|x86
		Proto|Any CPU = Proto|Any CPU
		Proto|Mixed Platforms = Proto|Mixed Platforms
		Proto|x86 = Proto|x86
		Release|Any CPU = Release|Any CPU
		Release|Mixed Platforms = Release|Mixed Platforms
		Release|x86 = Release|x86
	EndGlobalSection
	GlobalSection(ProjectConfigurationPlatforms) = postSolution
		{2E4D67B4-522D-4CF7-97E4-BA940F0B18F3}.Debug|Any CPU.ActiveCfg = Debug|x86
		{2E4D67B4-522D-4CF7-97E4-BA940F0B18F3}.Debug|Mixed Platforms.ActiveCfg = Debug|x86
		{2E4D67B4-522D-4CF7-97E4-BA940F0B18F3}.Debug|Mixed Platforms.Build.0 = Debug|x86
		{2E4D67B4-522D-4CF7-97E4-BA940F0B18F3}.Debug|x86.ActiveCfg = Debug|x86
		{2E4D67B4-522D-4CF7-97E4-BA940F0B18F3}.Debug|x86.Build.0 = Debug|x86
		{2E4D67B4-522D-4CF7-97E4-BA940F0B18F3}.Proto|Any CPU.ActiveCfg = Proto|x86
		{2E4D67B4-522D-4CF7-97E4-BA940F0B18F3}.Proto|Mixed Platforms.ActiveCfg = Proto|x86
		{2E4D67B4-522D-4CF7-97E4-BA940F0B18F3}.Proto|Mixed Platforms.Build.0 = Proto|x86
		{2E4D67B4-522D-4CF7-97E4-BA940F0B18F3}.Proto|x86.ActiveCfg = Proto|x86
		{2E4D67B4-522D-4CF7-97E4-BA940F0B18F3}.Proto|x86.Build.0 = Proto|x86
		{2E4D67B4-522D-4CF7-97E4-BA940F0B18F3}.Release|Any CPU.ActiveCfg = Release|x86
		{2E4D67B4-522D-4CF7-97E4-BA940F0B18F3}.Release|Mixed Platforms.ActiveCfg = Release|x86
		{2E4D67B4-522D-4CF7-97E4-BA940F0B18F3}.Release|Mixed Platforms.Build.0 = Release|x86
		{2E4D67B4-522D-4CF7-97E4-BA940F0B18F3}.Release|x86.ActiveCfg = Release|x86
		{2E4D67B4-522D-4CF7-97E4-BA940F0B18F3}.Release|x86.Build.0 = Release|x86
		{ED0B7FD2-5655-4ED1-831A-F0787AEEFAA7}.Debug|Any CPU.ActiveCfg = Debug|Any CPU
		{ED0B7FD2-5655-4ED1-831A-F0787AEEFAA7}.Debug|Any CPU.Build.0 = Debug|Any CPU
		{ED0B7FD2-5655-4ED1-831A-F0787AEEFAA7}.Debug|Mixed Platforms.ActiveCfg = Debug|Any CPU
		{ED0B7FD2-5655-4ED1-831A-F0787AEEFAA7}.Debug|Mixed Platforms.Build.0 = Debug|Any CPU
		{ED0B7FD2-5655-4ED1-831A-F0787AEEFAA7}.Debug|x86.ActiveCfg = Debug|Any CPU
		{ED0B7FD2-5655-4ED1-831A-F0787AEEFAA7}.Proto|Any CPU.ActiveCfg = Release|Any CPU
		{ED0B7FD2-5655-4ED1-831A-F0787AEEFAA7}.Proto|Any CPU.Build.0 = Release|Any CPU
		{ED0B7FD2-5655-4ED1-831A-F0787AEEFAA7}.Proto|Mixed Platforms.ActiveCfg = Release|Any CPU
		{ED0B7FD2-5655-4ED1-831A-F0787AEEFAA7}.Proto|Mixed Platforms.Build.0 = Release|Any CPU
		{ED0B7FD2-5655-4ED1-831A-F0787AEEFAA7}.Proto|x86.ActiveCfg = Release|Any CPU
		{ED0B7FD2-5655-4ED1-831A-F0787AEEFAA7}.Release|Any CPU.ActiveCfg = Release|Any CPU
		{ED0B7FD2-5655-4ED1-831A-F0787AEEFAA7}.Release|Any CPU.Build.0 = Release|Any CPU
		{ED0B7FD2-5655-4ED1-831A-F0787AEEFAA7}.Release|Mixed Platforms.ActiveCfg = Release|Any CPU
		{ED0B7FD2-5655-4ED1-831A-F0787AEEFAA7}.Release|Mixed Platforms.Build.0 = Release|Any CPU
		{ED0B7FD2-5655-4ED1-831A-F0787AEEFAA7}.Release|x86.ActiveCfg = Release|Any CPU
		{D5870CF0-ED51-4CBC-B3D7-6F56DA84AC06}.Debug|Any CPU.ActiveCfg = Debug|x86
		{D5870CF0-ED51-4CBC-B3D7-6F56DA84AC06}.Debug|Mixed Platforms.ActiveCfg = Debug|x86
		{D5870CF0-ED51-4CBC-B3D7-6F56DA84AC06}.Debug|Mixed Platforms.Build.0 = Debug|x86
		{D5870CF0-ED51-4CBC-B3D7-6F56DA84AC06}.Debug|x86.ActiveCfg = Debug|x86
		{D5870CF0-ED51-4CBC-B3D7-6F56DA84AC06}.Debug|x86.Build.0 = Debug|x86
		{D5870CF0-ED51-4CBC-B3D7-6F56DA84AC06}.Proto|Any CPU.ActiveCfg = Proto|x86
		{D5870CF0-ED51-4CBC-B3D7-6F56DA84AC06}.Proto|Mixed Platforms.ActiveCfg = Proto|x86
		{D5870CF0-ED51-4CBC-B3D7-6F56DA84AC06}.Proto|Mixed Platforms.Build.0 = Proto|x86
		{D5870CF0-ED51-4CBC-B3D7-6F56DA84AC06}.Proto|x86.ActiveCfg = Proto|x86
		{D5870CF0-ED51-4CBC-B3D7-6F56DA84AC06}.Proto|x86.Build.0 = Proto|x86
		{D5870CF0-ED51-4CBC-B3D7-6F56DA84AC06}.Release|Any CPU.ActiveCfg = Release|x86
		{D5870CF0-ED51-4CBC-B3D7-6F56DA84AC06}.Release|Mixed Platforms.ActiveCfg = Release|x86
		{D5870CF0-ED51-4CBC-B3D7-6F56DA84AC06}.Release|Mixed Platforms.Build.0 = Release|x86
		{D5870CF0-ED51-4CBC-B3D7-6F56DA84AC06}.Release|x86.ActiveCfg = Release|x86
		{D5870CF0-ED51-4CBC-B3D7-6F56DA84AC06}.Release|x86.Build.0 = Release|x86
		{649FA588-F02E-457C-9FCF-87E46407481E}.Debug|Any CPU.ActiveCfg = Debug|x86
		{649FA588-F02E-457C-9FCF-87E46407481E}.Debug|Mixed Platforms.ActiveCfg = Debug|x86
		{649FA588-F02E-457C-9FCF-87E46407481E}.Debug|Mixed Platforms.Build.0 = Debug|x86
		{649FA588-F02E-457C-9FCF-87E46407481E}.Debug|x86.ActiveCfg = Debug|x86
		{649FA588-F02E-457C-9FCF-87E46407481E}.Debug|x86.Build.0 = Debug|x86
		{649FA588-F02E-457C-9FCF-87E46407481E}.Proto|Any CPU.ActiveCfg = Proto|x86
		{649FA588-F02E-457C-9FCF-87E46407481E}.Proto|Mixed Platforms.ActiveCfg = Proto|x86
		{649FA588-F02E-457C-9FCF-87E46407481E}.Proto|Mixed Platforms.Build.0 = Proto|x86
		{649FA588-F02E-457C-9FCF-87E46407481E}.Proto|x86.ActiveCfg = Proto|x86
		{649FA588-F02E-457C-9FCF-87E46407481E}.Proto|x86.Build.0 = Proto|x86
		{649FA588-F02E-457C-9FCF-87E46407481E}.Release|Any CPU.ActiveCfg = Release|x86
		{649FA588-F02E-457C-9FCF-87E46407481E}.Release|Mixed Platforms.ActiveCfg = Release|x86
		{649FA588-F02E-457C-9FCF-87E46407481E}.Release|Mixed Platforms.Build.0 = Release|x86
		{649FA588-F02E-457C-9FCF-87E46407481E}.Release|x86.ActiveCfg = Release|x86
		{649FA588-F02E-457C-9FCF-87E46407481E}.Release|x86.Build.0 = Release|x86
	EndGlobalSection
	GlobalSection(SolutionProperties) = preSolution
		HideSolutionNode = FALSE
	EndGlobalSection
	GlobalSection(NestedProjects) = preSolution
		{0554567F-1DCB-46A5-9EF2-E1938A3D4F14} = {83FEE492-6701-4E59-9184-16B1D30E91F8}
	EndGlobalSection
EndGlobal
