
Microsoft Visual Studio Solution File, Format Version 12.00
# Visual Studio 15
VisualStudioVersion = 15.0.26124.0
MinimumVisualStudioVersion = 15.0.26124.0
Project("{2150E333-8FDC-42A3-9474-1A3956D46DE8}") = "src", "src", "{C359421F-622E-4E66-9893-19310EA7F5AB}"
EndProject
Project("{2150E333-8FDC-42A3-9474-1A3956D46DE8}") = "fsharp", "fsharp", "{16543C7E-1DBC-4053-A923-9C05E155E8A7}"
EndProject
Project("{F2A71F9B-5D33-465A-A702-920D77279786}") = "FSharp.Compiler.Service.netcore", "src\fsharp\FSharp.Compiler.Service\FSharp.Compiler.Service.netcore.fsproj", "{36B9F520-14B1-4431-AAF2-75433B87D851}"
EndProject
Project("{F2A71F9B-5D33-465A-A702-920D77279786}") = "FSharp.Compiler.Service.ProjectCracker.netcore", "src\fsharp\FSharp.Compiler.Service.ProjectCracker\FSharp.Compiler.Service.ProjectCracker.netcore.fsproj", "{5F1CB2F1-B98A-4072-9777-219A93B4AB93}"
EndProject
Project("{F2A71F9B-5D33-465A-A702-920D77279786}") = "FSharp.Compiler.Service.ProjectCrackerTool.netcore", "src\fsharp\FSharp.Compiler.Service.ProjectCrackerTool\FSharp.Compiler.Service.ProjectCrackerTool.netcore.fsproj", "{1B0F19D7-17CD-4610-9B56-AC7C3C45CB94}"
EndProject
Project("{2150E333-8FDC-42A3-9474-1A3956D46DE8}") = "tests", "tests", "{81813410-487C-4486-95AF-41671011C4C5}"
EndProject
Project("{FAE04EC0-301F-11D3-BF4B-00C04F79EFBC}") = "FSharp.Compiler.Service.Tests.netcore", "tests\service\FSharp.Compiler.Service.Tests.netcore.fsproj", "{1004CE3D-0CCB-47F5-8DBF-657D1B9C19D7}"
EndProject
Global
	GlobalSection(SolutionConfigurationPlatforms) = preSolution
		Debug|Any CPU = Debug|Any CPU
		Debug|x64 = Debug|x64
		Debug|x86 = Debug|x86
		Release|Any CPU = Release|Any CPU
		Release|x64 = Release|x64
		Release|x86 = Release|x86
	EndGlobalSection
	GlobalSection(SolutionProperties) = preSolution
		HideSolutionNode = FALSE
	EndGlobalSection
	GlobalSection(ProjectConfigurationPlatforms) = postSolution
		{36B9F520-14B1-4431-AAF2-75433B87D851}.Debug|Any CPU.ActiveCfg = Debug|Any CPU
		{36B9F520-14B1-4431-AAF2-75433B87D851}.Debug|Any CPU.Build.0 = Debug|Any CPU
		{36B9F520-14B1-4431-AAF2-75433B87D851}.Debug|x64.ActiveCfg = Debug|x64
		{36B9F520-14B1-4431-AAF2-75433B87D851}.Debug|x64.Build.0 = Debug|x64
		{36B9F520-14B1-4431-AAF2-75433B87D851}.Debug|x86.ActiveCfg = Debug|x86
		{36B9F520-14B1-4431-AAF2-75433B87D851}.Debug|x86.Build.0 = Debug|x86
		{36B9F520-14B1-4431-AAF2-75433B87D851}.Release|Any CPU.ActiveCfg = Release|Any CPU
		{36B9F520-14B1-4431-AAF2-75433B87D851}.Release|Any CPU.Build.0 = Release|Any CPU
		{36B9F520-14B1-4431-AAF2-75433B87D851}.Release|x64.ActiveCfg = Release|x64
		{36B9F520-14B1-4431-AAF2-75433B87D851}.Release|x64.Build.0 = Release|x64
		{36B9F520-14B1-4431-AAF2-75433B87D851}.Release|x86.ActiveCfg = Release|x86
		{36B9F520-14B1-4431-AAF2-75433B87D851}.Release|x86.Build.0 = Release|x86
		{5F1CB2F1-B98A-4072-9777-219A93B4AB93}.Debug|Any CPU.ActiveCfg = Debug|Any CPU
		{5F1CB2F1-B98A-4072-9777-219A93B4AB93}.Debug|Any CPU.Build.0 = Debug|Any CPU
		{5F1CB2F1-B98A-4072-9777-219A93B4AB93}.Debug|x64.ActiveCfg = Debug|x64
		{5F1CB2F1-B98A-4072-9777-219A93B4AB93}.Debug|x64.Build.0 = Debug|x64
		{5F1CB2F1-B98A-4072-9777-219A93B4AB93}.Debug|x86.ActiveCfg = Debug|x86
		{5F1CB2F1-B98A-4072-9777-219A93B4AB93}.Debug|x86.Build.0 = Debug|x86
		{5F1CB2F1-B98A-4072-9777-219A93B4AB93}.Release|Any CPU.ActiveCfg = Release|Any CPU
		{5F1CB2F1-B98A-4072-9777-219A93B4AB93}.Release|Any CPU.Build.0 = Release|Any CPU
		{5F1CB2F1-B98A-4072-9777-219A93B4AB93}.Release|x64.ActiveCfg = Release|x64
		{5F1CB2F1-B98A-4072-9777-219A93B4AB93}.Release|x64.Build.0 = Release|x64
		{5F1CB2F1-B98A-4072-9777-219A93B4AB93}.Release|x86.ActiveCfg = Release|x86
		{5F1CB2F1-B98A-4072-9777-219A93B4AB93}.Release|x86.Build.0 = Release|x86
		{1B0F19D7-17CD-4610-9B56-AC7C3C45CB94}.Debug|Any CPU.ActiveCfg = Debug|Any CPU
		{1B0F19D7-17CD-4610-9B56-AC7C3C45CB94}.Debug|Any CPU.Build.0 = Debug|Any CPU
		{1B0F19D7-17CD-4610-9B56-AC7C3C45CB94}.Debug|x64.ActiveCfg = Debug|x64
		{1B0F19D7-17CD-4610-9B56-AC7C3C45CB94}.Debug|x64.Build.0 = Debug|x64
		{1B0F19D7-17CD-4610-9B56-AC7C3C45CB94}.Debug|x86.ActiveCfg = Debug|x86
		{1B0F19D7-17CD-4610-9B56-AC7C3C45CB94}.Debug|x86.Build.0 = Debug|x86
		{1B0F19D7-17CD-4610-9B56-AC7C3C45CB94}.Release|Any CPU.ActiveCfg = Release|Any CPU
		{1B0F19D7-17CD-4610-9B56-AC7C3C45CB94}.Release|Any CPU.Build.0 = Release|Any CPU
		{1B0F19D7-17CD-4610-9B56-AC7C3C45CB94}.Release|x64.ActiveCfg = Release|x64
		{1B0F19D7-17CD-4610-9B56-AC7C3C45CB94}.Release|x64.Build.0 = Release|x64
		{1B0F19D7-17CD-4610-9B56-AC7C3C45CB94}.Release|x86.ActiveCfg = Release|x86
		{1B0F19D7-17CD-4610-9B56-AC7C3C45CB94}.Release|x86.Build.0 = Release|x86
		{1004CE3D-0CCB-47F5-8DBF-657D1B9C19D7}.Debug|Any CPU.ActiveCfg = Debug|Any CPU
		{1004CE3D-0CCB-47F5-8DBF-657D1B9C19D7}.Debug|Any CPU.Build.0 = Debug|Any CPU
		{1004CE3D-0CCB-47F5-8DBF-657D1B9C19D7}.Debug|x64.ActiveCfg = Debug|x64
		{1004CE3D-0CCB-47F5-8DBF-657D1B9C19D7}.Debug|x64.Build.0 = Debug|x64
		{1004CE3D-0CCB-47F5-8DBF-657D1B9C19D7}.Debug|x86.ActiveCfg = Debug|x86
		{1004CE3D-0CCB-47F5-8DBF-657D1B9C19D7}.Debug|x86.Build.0 = Debug|x86
		{1004CE3D-0CCB-47F5-8DBF-657D1B9C19D7}.Release|Any CPU.ActiveCfg = Release|Any CPU
		{1004CE3D-0CCB-47F5-8DBF-657D1B9C19D7}.Release|Any CPU.Build.0 = Release|Any CPU
		{1004CE3D-0CCB-47F5-8DBF-657D1B9C19D7}.Release|x64.ActiveCfg = Release|x64
		{1004CE3D-0CCB-47F5-8DBF-657D1B9C19D7}.Release|x64.Build.0 = Release|x64
		{1004CE3D-0CCB-47F5-8DBF-657D1B9C19D7}.Release|x86.ActiveCfg = Release|x86
		{1004CE3D-0CCB-47F5-8DBF-657D1B9C19D7}.Release|x86.Build.0 = Release|x86
	EndGlobalSection
	GlobalSection(NestedProjects) = preSolution
		{16543C7E-1DBC-4053-A923-9C05E155E8A7} = {C359421F-622E-4E66-9893-19310EA7F5AB}
		{36B9F520-14B1-4431-AAF2-75433B87D851} = {16543C7E-1DBC-4053-A923-9C05E155E8A7}
		{5F1CB2F1-B98A-4072-9777-219A93B4AB93} = {16543C7E-1DBC-4053-A923-9C05E155E8A7}
		{1B0F19D7-17CD-4610-9B56-AC7C3C45CB94} = {16543C7E-1DBC-4053-A923-9C05E155E8A7}
		{1004CE3D-0CCB-47F5-8DBF-657D1B9C19D7} = {81813410-487C-4486-95AF-41671011C4C5}
	EndGlobalSection
EndGlobal
