
Microsoft Visual Studio Solution File, Format Version 12.00
# Visual Studio 2013
VisualStudioVersion = 12.0.31101.0
MinimumVisualStudioVersion = 10.0.40219.1
Project("{FAE04EC0-301F-11D3-BF4B-00C04F79EFBC}") = "Sample_VS2013_CSharp_Library_net45", "Sample_VS2013_CSharp_Library_net45\Sample_VS2013_CSharp_Library_net45.csproj", "{887630A3-4B1D-40EA-B8B3-2D842E9C40DB}"
EndProject
Global
	GlobalSection(SolutionConfigurationPlatforms) = preSolution
		Debug|Any CPU = Debug|Any CPU
		Release|Any CPU = Release|Any CPU
	EndGlobalSection
	GlobalSection(ProjectConfigurationPlatforms) = postSolution
		{887630A3-4B1D-40EA-B8B3-2D842E9C40DB}.Debug|Any CPU.ActiveCfg = Debug|Any CPU
		{887630A3-4B1D-40EA-B8B3-2D842E9C40DB}.Debug|Any CPU.Build.0 = Debug|Any CPU
		{887630A3-4B1D-40EA-B8B3-2D842E9C40DB}.Release|Any CPU.ActiveCfg = Release|Any CPU
		{887630A3-4B1D-40EA-B8B3-2D842E9C40DB}.Release|Any CPU.Build.0 = Release|Any CPU
	EndGlobalSection
	GlobalSection(SolutionProperties) = preSolution
		HideSolutionNode = FALSE
	EndGlobalSection
EndGlobal
